
Microsoft Visual Studio Solution File, Format Version 12.00
# Visual Studio Version 17
VisualStudioVersion = 17.9.34723.18
MinimumVisualStudioVersion = 10.0.40219.1
Project("{FAE04EC0-301F-11D3-BF4B-00C04F79EFBC}") = "Lemonys Pen Mod", "Lemonys Pen Mod\Lemonys Pen Mod.csproj", "{3C209B43-F620-4623-BE80-655C90E54CF6}"
EndProject
Global
	GlobalSection(SolutionConfigurationPlatforms) = preSolution
		Debug|Any CPU = Debug|Any CPU
		Release|Any CPU = Release|Any CPU
	EndGlobalSection
	GlobalSection(ProjectConfigurationPlatforms) = postSolution
		{3C209B43-F620-4623-BE80-655C90E54CF6}.Debug|Any CPU.ActiveCfg = Debug|Any CPU
		{3C209B43-F620-4623-BE80-655C90E54CF6}.Debug|Any CPU.Build.0 = Debug|Any CPU
		{3C209B43-F620-4623-BE80-655C90E54CF6}.Release|Any CPU.ActiveCfg = Release|Any CPU
		{3C209B43-F620-4623-BE80-655C90E54CF6}.Release|Any CPU.Build.0 = Release|Any CPU
	EndGlobalSection
	GlobalSection(SolutionProperties) = preSolution
		HideSolutionNode = FALSE
	EndGlobalSection
	GlobalSection(ExtensibilityGlobals) = postSolution
		SolutionGuid = {0B96AE26-085B-4546-B263-66EE10AA45FC}
	EndGlobalSection
EndGlobal
